
Microsoft Visual Studio Solution File, Format Version 12.00
# Visual Studio Version 17
VisualStudioVersion = 17.0.31903.59
MinimumVisualStudioVersion = 10.0.40219.1
Project("{2150E333-8FDC-42A3-9474-1A3956D46DE8}") = "tests", "tests", "{0AB3BF05-4346-4AA6-1389-037BE0695223}"
EndProject
Project("{FAE04EC0-301F-11D3-BF4B-00C04F79EFBC}") = "Ncx.Acceptance", "tests\Ncx.Acceptance\Ncx.Acceptance.csproj", "{564E66E9-5D42-453E-8B13-91E3CAC1F56A}"
EndProject
Project("{2150E333-8FDC-42A3-9474-1A3956D46DE8}") = "src", "src", "{827E0CD3-B72D-47B6-A68D-7590B98EB39B}"
EndProject
Project("{FAE04EC0-301F-11D3-BF4B-00C04F79EFBC}") = "Ncx.Core", "src\Ncx.Core\Ncx.Core.csproj", "{64073AD6-D7F0-47BB-BE80-B9E045A76A00}"
EndProject
Project("{FAE04EC0-301F-11D3-BF4B-00C04F79EFBC}") = "Ncx.Config", "src\Ncx.Config\Ncx.Config.csproj", "{9DBBC1E5-B5E3-467B-9592-99561072E36D}"
EndProject
Project("{FAE04EC0-301F-11D3-BF4B-00C04F79EFBC}") = "Ncx.Readers", "src\Ncx.Readers\Ncx.Readers.csproj", "{8257A2DE-9D01-407C-AAF6-4FE5E4360667}"
EndProject
Project("{FAE04EC0-301F-11D3-BF4B-00C04F79EFBC}") = "Ncx.Compilers", "src\Ncx.Compilers\Ncx.Compilers.csproj", "{628A2FB7-021E-4854-8460-0228133D9264}"
EndProject
Project("{FAE04EC0-301F-11D3-BF4B-00C04F79EFBC}") = "Ncx.Analytics", "src\Ncx.Analytics\Ncx.Analytics.csproj", "{0D75C4FB-A8F0-41B2-BA5C-EBA673F06122}"
EndProject
Project("{FAE04EC0-301F-11D3-BF4B-00C04F79EFBC}") = "Ncx.Plugins", "src\Ncx.Plugins\Ncx.Plugins.csproj", "{00E09A40-8C5C-4A4B-810E-787EF11921F3}"
EndProject
Project("{FAE04EC0-301F-11D3-BF4B-00C04F79EFBC}") = "Ncx.Cli", "src\Ncx.Cli\Ncx.Cli.csproj", "{366A1B8C-153F-4756-9F0F-20BAFBC37CFC}"
EndProject
Project("{FAE04EC0-301F-11D3-BF4B-00C04F79EFBC}") = "Ncx.Core.Tests", "tests\Ncx.Core.Tests\Ncx.Core.Tests.csproj", "{3C343050-FC6C-411E-8F7F-FA8021EA9CE5}"
EndProject
Project("{FAE04EC0-301F-11D3-BF4B-00C04F79EFBC}") = "Ncx.Config.Tests", "tests\Ncx.Config.Tests\Ncx.Config.Tests.csproj", "{22FA9FD6-3F33-450B-83A0-B41DCBF98F6B}"
EndProject
Project("{FAE04EC0-301F-11D3-BF4B-00C04F79EFBC}") = "Ncx.Readers.Tests", "tests\Ncx.Readers.Tests\Ncx.Readers.Tests.csproj", "{E7BC8494-DC38-4455-9723-6DAA6D8F3264}"
EndProject
Project("{FAE04EC0-301F-11D3-BF4B-00C04F79EFBC}") = "Ncx.Compilers.Tests", "tests\Ncx.Compilers.Tests\Ncx.Compilers.Tests.csproj", "{E985581B-FA34-4836-89E2-000CE665ECA5}"
EndProject
Global
	GlobalSection(SolutionConfigurationPlatforms) = preSolution
		Debug|Any CPU = Debug|Any CPU
		Debug|x64 = Debug|x64
		Debug|x86 = Debug|x86
		Release|Any CPU = Release|Any CPU
		Release|x64 = Release|x64
		Release|x86 = Release|x86
	EndGlobalSection
	GlobalSection(ProjectConfigurationPlatforms) = postSolution
		{564E66E9-5D42-453E-8B13-91E3CAC1F56A}.Debug|Any CPU.ActiveCfg = Debug|Any CPU
		{564E66E9-5D42-453E-8B13-91E3CAC1F56A}.Debug|Any CPU.Build.0 = Debug|Any CPU
		{564E66E9-5D42-453E-8B13-91E3CAC1F56A}.Debug|x64.ActiveCfg = Debug|Any CPU
		{564E66E9-5D42-453E-8B13-91E3CAC1F56A}.Debug|x64.Build.0 = Debug|Any CPU
		{564E66E9-5D42-453E-8B13-91E3CAC1F56A}.Debug|x86.ActiveCfg = Debug|Any CPU
		{564E66E9-5D42-453E-8B13-91E3CAC1F56A}.Debug|x86.Build.0 = Debug|Any CPU
		{564E66E9-5D42-453E-8B13-91E3CAC1F56A}.Release|Any CPU.ActiveCfg = Release|Any CPU
		{564E66E9-5D42-453E-8B13-91E3CAC1F56A}.Release|Any CPU.Build.0 = Release|Any CPU
		{564E66E9-5D42-453E-8B13-91E3CAC1F56A}.Release|x64.ActiveCfg = Release|Any CPU
		{564E66E9-5D42-453E-8B13-91E3CAC1F56A}.Release|x64.Build.0 = Release|Any CPU
		{564E66E9-5D42-453E-8B13-91E3CAC1F56A}.Release|x86.ActiveCfg = Release|Any CPU
		{564E66E9-5D42-453E-8B13-91E3CAC1F56A}.Release|x86.Build.0 = Release|Any CPU
		{64073AD6-D7F0-47BB-BE80-B9E045A76A00}.Debug|Any CPU.ActiveCfg = Debug|Any CPU
		{64073AD6-D7F0-47BB-BE80-B9E045A76A00}.Debug|Any CPU.Build.0 = Debug|Any CPU
		{64073AD6-D7F0-47BB-BE80-B9E045A76A00}.Debug|x64.ActiveCfg = Debug|Any CPU
		{64073AD6-D7F0-47BB-BE80-B9E045A76A00}.Debug|x64.Build.0 = Debug|Any CPU
		{64073AD6-D7F0-47BB-BE80-B9E045A76A00}.Debug|x86.ActiveCfg = Debug|Any CPU
		{64073AD6-D7F0-47BB-BE80-B9E045A76A00}.Debug|x86.Build.0 = Debug|Any CPU
		{64073AD6-D7F0-47BB-BE80-B9E045A76A00}.Release|Any CPU.ActiveCfg = Release|Any CPU
		{64073AD6-D7F0-47BB-BE80-B9E045A76A00}.Release|Any CPU.Build.0 = Release|Any CPU
		{64073AD6-D7F0-47BB-BE80-B9E045A76A00}.Release|x64.ActiveCfg = Release|Any CPU
		{64073AD6-D7F0-47BB-BE80-B9E045A76A00}.Release|x64.Build.0 = Release|Any CPU
		{64073AD6-D7F0-47BB-BE80-B9E045A76A00}.Release|x86.ActiveCfg = Release|Any CPU
		{64073AD6-D7F0-47BB-BE80-B9E045A76A00}.Release|x86.Build.0 = Release|Any CPU
		{9DBBC1E5-B5E3-467B-9592-99561072E36D}.Debug|Any CPU.ActiveCfg = Debug|Any CPU
		{9DBBC1E5-B5E3-467B-9592-99561072E36D}.Debug|Any CPU.Build.0 = Debug|Any CPU
		{9DBBC1E5-B5E3-467B-9592-99561072E36D}.Debug|x64.ActiveCfg = Debug|Any CPU
		{9DBBC1E5-B5E3-467B-9592-99561072E36D}.Debug|x64.Build.0 = Debug|Any CPU
		{9DBBC1E5-B5E3-467B-9592-99561072E36D}.Debug|x86.ActiveCfg = Debug|Any CPU
		{9DBBC1E5-B5E3-467B-9592-99561072E36D}.Debug|x86.Build.0 = Debug|Any CPU
		{9DBBC1E5-B5E3-467B-9592-99561072E36D}.Release|Any CPU.ActiveCfg = Release|Any CPU
		{9DBBC1E5-B5E3-467B-9592-99561072E36D}.Release|Any CPU.Build.0 = Release|Any CPU
		{9DBBC1E5-B5E3-467B-9592-99561072E36D}.Release|x64.ActiveCfg = Release|Any CPU
		{9DBBC1E5-B5E3-467B-9592-99561072E36D}.Release|x64.Build.0 = Release|Any CPU
		{9DBBC1E5-B5E3-467B-9592-99561072E36D}.Release|x86.ActiveCfg = Release|Any CPU
		{9DBBC1E5-B5E3-467B-9592-99561072E36D}.Release|x86.Build.0 = Release|Any CPU
		{8257A2DE-9D01-407C-AAF6-4FE5E4360667}.Debug|Any CPU.ActiveCfg = Debug|Any CPU
		{8257A2DE-9D01-407C-AAF6-4FE5E4360667}.Debug|Any CPU.Build.0 = Debug|Any CPU
		{8257A2DE-9D01-407C-AAF6-4FE5E4360667}.Debug|x64.ActiveCfg = Debug|Any CPU
		{8257A2DE-9D01-407C-AAF6-4FE5E4360667}.Debug|x64.Build.0 = Debug|Any CPU
		{8257A2DE-9D01-407C-AAF6-4FE5E4360667}.Debug|x86.ActiveCfg = Debug|Any CPU
		{8257A2DE-9D01-407C-AAF6-4FE5E4360667}.Debug|x86.Build.0 = Debug|Any CPU
		{8257A2DE-9D01-407C-AAF6-4FE5E4360667}.Release|Any CPU.ActiveCfg = Release|Any CPU
		{8257A2DE-9D01-407C-AAF6-4FE5E4360667}.Release|Any CPU.Build.0 = Release|Any CPU
		{8257A2DE-9D01-407C-AAF6-4FE5E4360667}.Release|x64.ActiveCfg = Release|Any CPU
		{8257A2DE-9D01-407C-AAF6-4FE5E4360667}.Release|x64.Build.0 = Release|Any CPU
		{8257A2DE-9D01-407C-AAF6-4FE5E4360667}.Release|x86.ActiveCfg = Release|Any CPU
		{8257A2DE-9D01-407C-AAF6-4FE5E4360667}.Release|x86.Build.0 = Release|Any CPU
		{628A2FB7-021E-4854-8460-0228133D9264}.Debug|Any CPU.ActiveCfg = Debug|Any CPU
		{628A2FB7-021E-4854-8460-0228133D9264}.Debug|Any CPU.Build.0 = Debug|Any CPU
		{628A2FB7-021E-4854-8460-0228133D9264}.Debug|x64.ActiveCfg = Debug|Any CPU
		{628A2FB7-021E-4854-8460-0228133D9264}.Debug|x64.Build.0 = Debug|Any CPU
		{628A2FB7-021E-4854-8460-0228133D9264}.Debug|x86.ActiveCfg = Debug|Any CPU
		{628A2FB7-021E-4854-8460-0228133D9264}.Debug|x86.Build.0 = Debug|Any CPU
		{628A2FB7-021E-4854-8460-0228133D9264}.Release|Any CPU.ActiveCfg = Release|Any CPU
		{628A2FB7-021E-4854-8460-0228133D9264}.Release|Any CPU.Build.0 = Release|Any CPU
		{628A2FB7-021E-4854-8460-0228133D9264}.Release|x64.ActiveCfg = Release|Any CPU
		{628A2FB7-021E-4854-8460-0228133D9264}.Release|x64.Build.0 = Release|Any CPU
		{628A2FB7-021E-4854-8460-0228133D9264}.Release|x86.ActiveCfg = Release|Any CPU
		{628A2FB7-021E-4854-8460-0228133D9264}.Release|x86.Build.0 = Release|Any CPU
		{0D75C4FB-A8F0-41B2-BA5C-EBA673F06122}.Debug|Any CPU.ActiveCfg = Debug|Any CPU
		{0D75C4FB-A8F0-41B2-BA5C-EBA673F06122}.Debug|Any CPU.Build.0 = Debug|Any CPU
		{0D75C4FB-A8F0-41B2-BA5C-EBA673F06122}.Debug|x64.ActiveCfg = Debug|Any CPU
		{0D75C4FB-A8F0-41B2-BA5C-EBA673F06122}.Debug|x64.Build.0 = Debug|Any CPU
		{0D75C4FB-A8F0-41B2-BA5C-EBA673F06122}.Debug|x86.ActiveCfg = Debug|Any CPU
		{0D75C4FB-A8F0-41B2-BA5C-EBA673F06122}.Debug|x86.Build.0 = Debug|Any CPU
		{0D75C4FB-A8F0-41B2-BA5C-EBA673F06122}.Release|Any CPU.ActiveCfg = Release|Any CPU
		{0D75C4FB-A8F0-41B2-BA5C-EBA673F06122}.Release|Any CPU.Build.0 = Release|Any CPU
		{0D75C4FB-A8F0-41B2-BA5C-EBA673F06122}.Release|x64.ActiveCfg = Release|Any CPU
		{0D75C4FB-A8F0-41B2-BA5C-EBA673F06122}.Release|x64.Build.0 = Release|Any CPU
		{0D75C4FB-A8F0-41B2-BA5C-EBA673F06122}.Release|x86.ActiveCfg = Release|Any CPU
		{0D75C4FB-A8F0-41B2-BA5C-EBA673F06122}.Release|x86.Build.0 = Release|Any CPU
		{00E09A40-8C5C-4A4B-810E-787EF11921F3}.Debug|Any CPU.ActiveCfg = Debug|Any CPU
		{00E09A40-8C5C-4A4B-810E-787EF11921F3}.Debug|Any CPU.Build.0 = Debug|Any CPU
		{00E09A40-8C5C-4A4B-810E-787EF11921F3}.Debug|x64.ActiveCfg = Debug|Any CPU
		{00E09A40-8C5C-4A4B-810E-787EF11921F3}.Debug|x64.Build.0 = Debug|Any CPU
		{00E09A40-8C5C-4A4B-810E-787EF11921F3}.Debug|x86.ActiveCfg = Debug|Any CPU
		{00E09A40-8C5C-4A4B-810E-787EF11921F3}.Debug|x86.Build.0 = Debug|Any CPU
		{00E09A40-8C5C-4A4B-810E-787EF11921F3}.Release|Any CPU.ActiveCfg = Release|Any CPU
		{00E09A40-8C5C-4A4B-810E-787EF11921F3}.Release|Any CPU.Build.0 = Release|Any CPU
		{00E09A40-8C5C-4A4B-810E-787EF11921F3}.Release|x64.ActiveCfg = Release|Any CPU
		{00E09A40-8C5C-4A4B-810E-787EF11921F3}.Release|x64.Build.0 = Release|Any CPU
		{00E09A40-8C5C-4A4B-810E-787EF11921F3}.Release|x86.ActiveCfg = Release|Any CPU
		{00E09A40-8C5C-4A4B-810E-787EF11921F3}.Release|x86.Build.0 = Release|Any CPU
		{366A1B8C-153F-4756-9F0F-20BAFBC37CFC}.Debug|Any CPU.ActiveCfg = Debug|Any CPU
		{366A1B8C-153F-4756-9F0F-20BAFBC37CFC}.Debug|Any CPU.Build.0 = Debug|Any CPU
		{366A1B8C-153F-4756-9F0F-20BAFBC37CFC}.Debug|x64.ActiveCfg = Debug|Any CPU
		{366A1B8C-153F-4756-9F0F-20BAFBC37CFC}.Debug|x64.Build.0 = Debug|Any CPU
		{366A1B8C-153F-4756-9F0F-20BAFBC37CFC}.Debug|x86.ActiveCfg = Debug|Any CPU
		{366A1B8C-153F-4756-9F0F-20BAFBC37CFC}.Debug|x86.Build.0 = Debug|Any CPU
		{366A1B8C-153F-4756-9F0F-20BAFBC37CFC}.Release|Any CPU.ActiveCfg = Release|Any CPU
		{366A1B8C-153F-4756-9F0F-20BAFBC37CFC}.Release|Any CPU.Build.0 = Release|Any CPU
		{366A1B8C-153F-4756-9F0F-20BAFBC37CFC}.Release|x64.ActiveCfg = Release|Any CPU
		{366A1B8C-153F-4756-9F0F-20BAFBC37CFC}.Release|x64.Build.0 = Release|Any CPU
		{366A1B8C-153F-4756-9F0F-20BAFBC37CFC}.Release|x86.ActiveCfg = Release|Any CPU
		{366A1B8C-153F-4756-9F0F-20BAFBC37CFC}.Release|x86.Build.0 = Release|Any CPU
		{3C343050-FC6C-411E-8F7F-FA8021EA9CE5}.Debug|Any CPU.ActiveCfg = Debug|Any CPU
		{3C343050-FC6C-411E-8F7F-FA8021EA9CE5}.Debug|Any CPU.Build.0 = Debug|Any CPU
		{3C343050-FC6C-411E-8F7F-FA8021EA9CE5}.Debug|x64.ActiveCfg = Debug|Any CPU
		{3C343050-FC6C-411E-8F7F-FA8021EA9CE5}.Debug|x64.Build.0 = Debug|Any CPU
		{3C343050-FC6C-411E-8F7F-FA8021EA9CE5}.Debug|x86.ActiveCfg = Debug|Any CPU
		{3C343050-FC6C-411E-8F7F-FA8021EA9CE5}.Debug|x86.Build.0 = Debug|Any CPU
		{3C343050-FC6C-411E-8F7F-FA8021EA9CE5}.Release|Any CPU.ActiveCfg = Release|Any CPU
		{3C343050-FC6C-411E-8F7F-FA8021EA9CE5}.Release|Any CPU.Build.0 = Release|Any CPU
		{3C343050-FC6C-411E-8F7F-FA8021EA9CE5}.Release|x64.ActiveCfg = Release|Any CPU
		{3C343050-FC6C-411E-8F7F-FA8021EA9CE5}.Release|x64.Build.0 = Release|Any CPU
		{3C343050-FC6C-411E-8F7F-FA8021EA9CE5}.Release|x86.ActiveCfg = Release|Any CPU
		{3C343050-FC6C-411E-8F7F-FA8021EA9CE5}.Release|x86.Build.0 = Release|Any CPU
		{22FA9FD6-3F33-450B-83A0-B41DCBF98F6B}.Debug|Any CPU.ActiveCfg = Debug|Any CPU
		{22FA9FD6-3F33-450B-83A0-B41DCBF98F6B}.Debug|Any CPU.Build.0 = Debug|Any CPU
		{22FA9FD6-3F33-450B-83A0-B41DCBF98F6B}.Debug|x64.ActiveCfg = Debug|Any CPU
		{22FA9FD6-3F33-450B-83A0-B41DCBF98F6B}.Debug|x64.Build.0 = Debug|Any CPU
		{22FA9FD6-3F33-450B-83A0-B41DCBF98F6B}.Debug|x86.ActiveCfg = Debug|Any CPU
		{22FA9FD6-3F33-450B-83A0-B41DCBF98F6B}.Debug|x86.Build.0 = Debug|Any CPU
		{22FA9FD6-3F33-450B-83A0-B41DCBF98F6B}.Release|Any CPU.ActiveCfg = Release|Any CPU
		{22FA9FD6-3F33-450B-83A0-B41DCBF98F6B}.Release|Any CPU.Build.0 = Release|Any CPU
		{22FA9FD6-3F33-450B-83A0-B41DCBF98F6B}.Release|x64.ActiveCfg = Release|Any CPU
		{22FA9FD6-3F33-450B-83A0-B41DCBF98F6B}.Release|x64.Build.0 = Release|Any CPU
		{22FA9FD6-3F33-450B-83A0-B41DCBF98F6B}.Release|x86.ActiveCfg = Release|Any CPU
		{22FA9FD6-3F33-450B-83A0-B41DCBF98F6B}.Release|x86.Build.0 = Release|Any CPU
		{E7BC8494-DC38-4455-9723-6DAA6D8F3264}.Debug|Any CPU.ActiveCfg = Debug|Any CPU
		{E7BC8494-DC38-4455-9723-6DAA6D8F3264}.Debug|Any CPU.Build.0 = Debug|Any CPU
		{E7BC8494-DC38-4455-9723-6DAA6D8F3264}.Debug|x64.ActiveCfg = Debug|Any CPU
		{E7BC8494-DC38-4455-9723-6DAA6D8F3264}.Debug|x64.Build.0 = Debug|Any CPU
		{E7BC8494-DC38-4455-9723-6DAA6D8F3264}.Debug|x86.ActiveCfg = Debug|Any CPU
		{E7BC8494-DC38-4455-9723-6DAA6D8F3264}.Debug|x86.Build.0 = Debug|Any CPU
		{E7BC8494-DC38-4455-9723-6DAA6D8F3264}.Release|Any CPU.ActiveCfg = Release|Any CPU
		{E7BC8494-DC38-4455-9723-6DAA6D8F3264}.Release|Any CPU.Build.0 = Release|Any CPU
		{E7BC8494-DC38-4455-9723-6DAA6D8F3264}.Release|x64.ActiveCfg = Release|Any CPU
		{E7BC8494-DC38-4455-9723-6DAA6D8F3264}.Release|x64.Build.0 = Release|Any CPU
		{E7BC8494-DC38-4455-9723-6DAA6D8F3264}.Release|x86.ActiveCfg = Release|Any CPU
		{E7BC8494-DC38-4455-9723-6DAA6D8F3264}.Release|x86.Build.0 = Release|Any CPU
		{E985581B-FA34-4836-89E2-000CE665ECA5}.Debug|Any CPU.ActiveCfg = Debug|Any CPU
		{E985581B-FA34-4836-89E2-000CE665ECA5}.Debug|Any CPU.Build.0 = Debug|Any CPU
		{E985581B-FA34-4836-89E2-000CE665ECA5}.Debug|x64.ActiveCfg = Debug|Any CPU
		{E985581B-FA34-4836-89E2-000CE665ECA5}.Debug|x64.Build.0 = Debug|Any CPU
		{E985581B-FA34-4836-89E2-000CE665ECA5}.Debug|x86.ActiveCfg = Debug|Any CPU
		{E985581B-FA34-4836-89E2-000CE665ECA5}.Debug|x86.Build.0 = Debug|Any CPU
		{E985581B-FA34-4836-89E2-000CE665ECA5}.Release|Any CPU.ActiveCfg = Release|Any CPU
		{E985581B-FA34-4836-89E2-000CE665ECA5}.Release|Any CPU.Build.0 = Release|Any CPU
		{E985581B-FA34-4836-89E2-000CE665ECA5}.Release|x64.ActiveCfg = Release|Any CPU
		{E985581B-FA34-4836-89E2-000CE665ECA5}.Release|x64.Build.0 = Release|Any CPU
		{E985581B-FA34-4836-89E2-000CE665ECA5}.Release|x86.ActiveCfg = Release|Any CPU
		{E985581B-FA34-4836-89E2-000CE665ECA5}.Release|x86.Build.0 = Release|Any CPU
	EndGlobalSection
	GlobalSection(SolutionProperties) = preSolution
		HideSolutionNode = FALSE
	EndGlobalSection
	GlobalSection(NestedProjects) = preSolution
		{564E66E9-5D42-453E-8B13-91E3CAC1F56A} = {0AB3BF05-4346-4AA6-1389-037BE0695223}
		{64073AD6-D7F0-47BB-BE80-B9E045A76A00} = {827E0CD3-B72D-47B6-A68D-7590B98EB39B}
		{9DBBC1E5-B5E3-467B-9592-99561072E36D} = {827E0CD3-B72D-47B6-A68D-7590B98EB39B}
		{8257A2DE-9D01-407C-AAF6-4FE5E4360667} = {827E0CD3-B72D-47B6-A68D-7590B98EB39B}
		{628A2FB7-021E-4854-8460-0228133D9264} = {827E0CD3-B72D-47B6-A68D-7590B98EB39B}
		{0D75C4FB-A8F0-41B2-BA5C-EBA673F06122} = {827E0CD3-B72D-47B6-A68D-7590B98EB39B}
		{00E09A40-8C5C-4A4B-810E-787EF11921F3} = {827E0CD3-B72D-47B6-A68D-7590B98EB39B}
		{366A1B8C-153F-4756-9F0F-20BAFBC37CFC} = {827E0CD3-B72D-47B6-A68D-7590B98EB39B}
		{3C343050-FC6C-411E-8F7F-FA8021EA9CE5} = {0AB3BF05-4346-4AA6-1389-037BE0695223}
		{22FA9FD6-3F33-450B-83A0-B41DCBF98F6B} = {0AB3BF05-4346-4AA6-1389-037BE0695223}
		{E7BC8494-DC38-4455-9723-6DAA6D8F3264} = {0AB3BF05-4346-4AA6-1389-037BE0695223}
		{E985581B-FA34-4836-89E2-000CE665ECA5} = {0AB3BF05-4346-4AA6-1389-037BE0695223}
	EndGlobalSection
EndGlobal
